// !$*UTF8*$!
{
	archiveVersion = 1;
	classes = {
	};
	objectVersion = 56;
	objects = {

/* Begin PBXBuildFile section */
		6A44CF97295A735E0065364B /* liveActivitiesApp.swift in Sources */ = {isa = PBXBuildFile; fileRef = 6A44CF96295A735E0065364B /* liveActivitiesApp.swift */; };
		6A44CF99295A735E0065364B /* ContentView.swift in Sources */ = {isa = PBXBuildFile; fileRef = 6A44CF98295A735E0065364B /* ContentView.swift */; };
		6A44CF9B295A735F0065364B /* Assets.xcassets in Resources */ = {isa = PBXBuildFile; fileRef = 6A44CF9A295A735F0065364B /* Assets.xcassets */; };
		6A44CF9E295A735F0065364B /* Preview Assets.xcassets in Resources */ = {isa = PBXBuildFile; fileRef = 6A44CF9D295A735F0065364B /* Preview Assets.xcassets */; };
		6A44CFA0295A735F0065364B /* Persistence.swift in Sources */ = {isa = PBXBuildFile; fileRef = 6A44CF9F295A735F0065364B /* Persistence.swift */; };
		6A44CFA3295A735F0065364B /* liveActivities.xcdatamodeld in Sources */ = {isa = PBXBuildFile; fileRef = 6A44CFA1295A735F0065364B /* liveActivities.xcdatamodeld */; };
/* End PBXBuildFile section */

/* Begin PBXFileReference section */
		6A44CF93295A735E0065364B /* liveActivities.app */ = {isa = PBXFileReference; explicitFileType = wrapper.application; includeInIndex = 0; path = liveActivities.app; sourceTree = BUILT_PRODUCTS_DIR; };
		6A44CF96295A735E0065364B /* liveActivitiesApp.swift */ = {isa = PBXFileReference; lastKnownFileType = sourcecode.swift; path = liveActivitiesApp.swift; sourceTree = "<group>"; };
		6A44CF98295A735E0065364B /* ContentView.swift */ = {isa = PBXFileReference; lastKnownFileType = sourcecode.swift; path = ContentView.swift; sourceTree = "<group>"; };
		6A44CF9A295A735F0065364B /* Assets.xcassets */ = {isa = PBXFileReference; lastKnownFileType = folder.assetcatalog; path = Assets.xcassets; sourceTree = "<group>"; };
		6A44CF9D295A735F0065364B /* Preview Assets.xcassets */ = {isa = PBXFileReference; lastKnownFileType = folder.assetcatalog; path = "Preview Assets.xcassets"; sourceTree = "<group>"; };
		6A44CF9F295A735F0065364B /* Persistence.swift */ = {isa = PBXFileReference; lastKnownFileType = sourcecode.swift; path = Persistence.swift; sourceTree = "<group>"; };
		6A44CFA2295A735F0065364B /* liveActivities.xcdatamodel */ = {isa = PBXFileReference; lastKnownFileType = wrapper.xcdatamodel; path = liveActivities.xcdatamodel; sourceTree = "<group>"; };
		6A44CFA4295A735F0065364B /* liveActivities.entitlements */ = {isa = PBXFileReference; lastKnownFileType = text.plist.entitlements; path = liveActivities.entitlements; sourceTree = "<group>"; };
/* End PBXFileReference section */

/* Begin PBXFrameworksBuildPhase section */
		6A44CF90295A735E0065364B /* Frameworks */ = {
			isa = PBXFrameworksBuildPhase;
			buildActionMask = 2147483647;
			files = (
			);
			runOnlyForDeploymentPostprocessing = 0;
		};
/* End PBXFrameworksBuildPhase section */

/* Begin PBXGroup section */
		6A44CF8A295A735E0065364B = {
			isa = PBXGroup;
			children = (
				6A44CF95295A735E0065364B /* liveActivities */,
				6A44CF94295A735E0065364B /* Products */,
			);
			sourceTree = "<group>";
		};
		6A44CF94295A735E0065364B /* Products */ = {
			isa = PBXGroup;
			children = (
				6A44CF93295A735E0065364B /* liveActivities.app */,
			);
			name = Products;
			sourceTree = "<group>";
		};
		6A44CF95295A735E0065364B /* liveActivities */ = {
			isa = PBXGroup;
			children = (
				6A44CF96295A735E0065364B /* liveActivitiesApp.swift */,
				6A44CF98295A735E0065364B /* ContentView.swift */,
				6A44CF9A295A735F0065364B /* Assets.xcassets */,
				6A44CF9F295A735F0065364B /* Persistence.swift */,
				6A44CFA4295A735F0065364B /* liveActivities.entitlements */,
				6A44CFA1295A735F0065364B /* liveActivities.xcdatamodeld */,
				6A44CF9C295A735F0065364B /* Preview Content */,
			);
			path = liveActivities;
			sourceTree = "<group>";
		};
		6A44CF9C295A735F0065364B /* Preview Content */ = {
			isa = PBXGroup;
			children = (
				6A44CF9D295A735F0065364B /* Preview Assets.xcassets */,
			);
			path = "Preview Content";
			sourceTree = "<group>";
		};
/* End PBXGroup section */

/* Begin PBXNativeTarget section */
		6A44CF92295A735E0065364B /* liveActivities */ = {
			isa = PBXNativeTarget;
			buildConfigurationList = 6A44CFA7295A735F0065364B /* Build configuration list for PBXNativeTarget "liveActivities" */;
			buildPhases = (
				6A44CF8F295A735E0065364B /* Sources */,
				6A44CF90295A735E0065364B /* Frameworks */,
				6A44CF91295A735E0065364B /* Resources */,
			);
			buildRules = (
			);
			dependencies = (
			);
			name = liveActivities;
			productName = liveActivities;
			productReference = 6A44CF93295A735E0065364B /* liveActivities.app */;
			productType = "com.apple.product-type.application";
		};
/* End PBXNativeTarget section */

/* Begin PBXProject section */
		6A44CF8B295A735E0065364B /* Project object */ = {
			isa = PBXProject;
			attributes = {
				BuildIndependentTargetsInParallel = 1;
				LastSwiftUpdateCheck = 1420;
				LastUpgradeCheck = 1420;
				TargetAttributes = {
					6A44CF92295A735E0065364B = {
						CreatedOnToolsVersion = 14.2;
					};
				};
			};
			buildConfigurationList = 6A44CF8E295A735E0065364B /* Build configuration list for PBXProject "liveActivities" */;
			compatibilityVersion = "Xcode 14.0";
			developmentRegion = en;
			hasScannedForEncodings = 0;
			knownRegions = (
				en,
				Base,
			);
			mainGroup = 6A44CF8A295A735E0065364B;
			productRefGroup = 6A44CF94295A735E0065364B /* Products */;
			projectDirPath = "";
			projectRoot = "";
			targets = (
				6A44CF92295A735E0065364B /* liveActivities */,
			);
		};
/* End PBXProject section */

/* Begin PBXResourcesBuildPhase section */
		6A44CF91295A735E0065364B /* Resources */ = {
			isa = PBXResourcesBuildPhase;
			buildActionMask = 2147483647;
			files = (
				6A44CF9E295A735F0065364B /* Preview Assets.xcassets in Resources */,
				6A44CF9B295A735F0065364B /* Assets.xcassets in Resources */,
			);
			runOnlyForDeploymentPostprocessing = 0;
		};
/* End PBXResourcesBuildPhase section */

/* Begin PBXSourcesBuildPhase section */
		6A44CF8F295A735E0065364B /* Sources */ = {
			isa = PBXSourcesBuildPhase;
			buildActionMask = 2147483647;
			files = (
				6A44CFA3295A735F0065364B /* liveActivities.xcdatamodeld in Sources */,
				6A44CFA0295A735F0065364B /* Persistence.swift in Sources */,
				6A44CF99295A735E0065364B /* ContentView.swift in Sources */,
				6A44CF97295A735E0065364B /* liveActivitiesApp.swift in Sources */,
			);
			runOnlyForDeploymentPostprocessing = 0;
		};
/* End PBXSourcesBuildPhase section */

/* Begin XCBuildConfiguration section */
		6A44CFA5295A735F0065364B /* Debug */ = {
			isa = XCBuildConfiguration;
			buildSettings = {
				ALWAYS_SEARCH_USER_PATHS = NO;
				CLANG_ANALYZER_NONNULL = YES;
				CLANG_ANALYZER_NUMBER_OBJECT_CONVERSION = YES_AGGRESSIVE;
				CLANG_CXX_LANGUAGE_STANDARD = "gnu++20";
				CLANG_ENABLE_MODULES = YES;
				CLANG_ENABLE_OBJC_ARC = YES;
				CLANG_ENABLE_OBJC_WEAK = YES;
				CLANG_WARN_BLOCK_CAPTURE_AUTORELEASING = YES;
				CLANG_WARN_BOOL_CONVERSION = YES;
				CLANG_WARN_COMMA = YES;
				CLANG_WARN_CONSTANT_CONVERSION = YES;
				CLANG_WARN_DEPRECATED_OBJC_IMPLEMENTATIONS = YES;
				CLANG_WARN_DIRECT_OBJC_ISA_USAGE = YES_ERROR;
				CLANG_WARN_DOCUMENTATION_COMMENTS = YES;
				CLANG_WARN_EMPTY_BODY = YES;
				CLANG_WARN_ENUM_CONVERSION = YES;
				CLANG_WARN_INFINITE_RECURSION = YES;
				CLANG_WARN_INT_CONVERSION = YES;
				CLANG_WARN_NON_LITERAL_NULL_CONVERSION = YES;
				CLANG_WARN_OBJC_IMPLICIT_RETAIN_SELF = YES;
				CLANG_WARN_OBJC_LITERAL_CONVERSION = YES;
				CLANG_WARN_OBJC_ROOT_CLASS = YES_ERROR;
				CLANG_WARN_QUOTED_INCLUDE_IN_FRAMEWORK_HEADER = YES;
				CLANG_WARN_RANGE_LOOP_ANALYSIS = YES;
				CLANG_WARN_STRICT_PROTOTYPES = YES;
				CLANG_WARN_SUSPICIOUS_MOVE = YES;
				CLANG_WARN_UNGUARDED_AVAILABILITY = YES_AGGRESSIVE;
				CLANG_WARN_UNREACHABLE_CODE = YES;
				CLANG_WARN__DUPLICATE_METHOD_MATCH = YES;
				COPY_PHASE_STRIP = NO;
				DEBUG_INFORMATION_FORMAT = dwarf;
				ENABLE_STRICT_OBJC_MSGSEND = YES;
				ENABLE_TESTABILITY = YES;
				GCC_C_LANGUAGE_STANDARD = gnu11;
				GCC_DYNAMIC_NO_PIC = NO;
				GCC_NO_COMMON_BLOCKS = YES;
				GCC_OPTIMIZATION_LEVEL = 0;
				GCC_PREPROCESSOR_DEFINITIONS = (
					"DEBUG=1",
					"$(inherited)",
				);
				GCC_WARN_64_TO_32_BIT_CONVERSION = YES;
				GCC_WARN_ABOUT_RETURN_TYPE = YES_ERROR;
				GCC_WARN_UNDECLARED_SELECTOR = YES;
				GCC_WARN_UNINITIALIZED_AUTOS = YES_AGGRESSIVE;
				GCC_WARN_UNUSED_FUNCTION = YES;
				GCC_WARN_UNUSED_VARIABLE = YES;
				MACOSX_DEPLOYMENT_TARGET = 13.0;
				MTL_ENABLE_DEBUG_INFO = INCLUDE_SOURCE;
				MTL_FAST_MATH = YES;
				ONLY_ACTIVE_ARCH = YES;
				SDKROOT = macosx;
				SWIFT_ACTIVE_COMPILATION_CONDITIONS = DEBUG;
				SWIFT_OPTIMIZATION_LEVEL = "-Onone";
			};
			name = Debug;
		};
		6A44CFA6295A735F0065364B /* Release */ = {
			isa = XCBuildConfiguration;
			buildSettings = {
				ALWAYS_SEARCH_USER_PATHS = NO;
				CLANG_ANALYZER_NONNULL = YES;
				CLANG_ANALYZER_NUMBER_OBJECT_CONVERSION = YES_AGGRESSIVE;
				CLANG_CXX_LANGUAGE_STANDARD = "gnu++20";
				CLANG_ENABLE_MODULES = YES;
				CLANG_ENABLE_OBJC_ARC = YES;
				CLANG_ENABLE_OBJC_WEAK = YES;
				CLANG_WARN_BLOCK_CAPTURE_AUTORELEASING = YES;
				CLANG_WARN_BOOL_CONVERSION = YES;
				CLANG_WARN_COMMA = YES;
				CLANG_WARN_CONSTANT_CONVERSION = YES;
				CLANG_WARN_DEPRECATED_OBJC_IMPLEMENTATIONS = YES;
				CLANG_WARN_DIRECT_OBJC_ISA_USAGE = YES_ERROR;
				CLANG_WARN_DOCUMENTATION_COMMENTS = YES;
				CLANG_WARN_EMPTY_BODY = YES;
				CLANG_WARN_ENUM_CONVERSION = YES;
				CLANG_WARN_INFINITE_RECURSION = YES;
				CLANG_WARN_INT_CONVERSION = YES;
				CLANG_WARN_NON_LITERAL_NULL_CONVERSION = YES;
				CLANG_WARN_OBJC_IMPLICIT_RETAIN_SELF = YES;
				CLANG_WARN_OBJC_LITERAL_CONVERSION = YES;
				CLANG_WARN_OBJC_ROOT_CLASS = YES_ERROR;
				CLANG_WARN_QUOTED_INCLUDE_IN_FRAMEWORK_HEADER = YES;
				CLANG_WARN_RANGE_LOOP_ANALYSIS = YES;
				CLANG_WARN_STRICT_PROTOTYPES = YES;
				CLANG_WARN_SUSPICIOUS_MOVE = YES;
				CLANG_WARN_UNGUARDED_AVAILABILITY = YES_AGGRESSIVE;
				CLANG_WARN_UNREACHABLE_CODE = YES;
				CLANG_WARN__DUPLICATE_METHOD_MATCH = YES;
				COPY_PHASE_STRIP = NO;
				DEBUG_INFORMATION_FORMAT = "dwarf-with-dsym";
				ENABLE_NS_ASSERTIONS = NO;
				ENABLE_STRICT_OBJC_MSGSEND = YES;
				GCC_C_LANGUAGE_STANDARD = gnu11;
				GCC_NO_COMMON_BLOCKS = YES;
				GCC_WARN_64_TO_32_BIT_CONVERSION = YES;
				GCC_WARN_ABOUT_RETURN_TYPE = YES_ERROR;
				GCC_WARN_UNDECLARED_SELECTOR = YES;
				GCC_WARN_UNINITIALIZED_AUTOS = YES_AGGRESSIVE;
				GCC_WARN_UNUSED_FUNCTION = YES;
				GCC_WARN_UNUSED_VARIABLE = YES;
				MACOSX_DEPLOYMENT_TARGET = 13.0;
				MTL_ENABLE_DEBUG_INFO = NO;
				MTL_FAST_MATH = YES;
				SDKROOT = macosx;
				SWIFT_COMPILATION_MODE = wholemodule;
				SWIFT_OPTIMIZATION_LEVEL = "-O";
			};
			name = Release;
		};
		6A44CFA8295A735F0065364B /* Debug */ = {
			isa = XCBuildConfiguration;
			buildSettings = {
				ASSETCATALOG_COMPILER_APPICON_NAME = AppIcon;
				ASSETCATALOG_COMPILER_GLOBAL_ACCENT_COLOR_NAME = AccentColor;
				CODE_SIGN_ENTITLEMENTS = liveActivities/liveActivities.entitlements;
				CODE_SIGN_STYLE = Automatic;
				COMBINE_HIDPI_IMAGES = YES;
				CURRENT_PROJECT_VERSION = 1;
				DEVELOPMENT_ASSET_PATHS = "\"liveActivities/Preview Content\"";
				DEVELOPMENT_TEAM = XJA7283JV3;
				ENABLE_HARDENED_RUNTIME = YES;
				ENABLE_PREVIEWS = YES;
				GENERATE_INFOPLIST_FILE = YES;
				INFOPLIST_KEY_NSHumanReadableCopyright = "";
				LD_RUNPATH_SEARCH_PATHS = (
					"$(inherited)",
					"@executable_path/../Frameworks",
				);
				MARKETING_VERSION = 1.0;
				PRODUCT_BUNDLE_IDENTIFIER = com.yujin.liveActivities;
				PRODUCT_NAME = "$(TARGET_NAME)";
				SWIFT_EMIT_LOC_STRINGS = YES;
				SWIFT_VERSION = 5.0;
			};
			name = Debug;
		};
		6A44CFA9295A735F0065364B /* Release */ = {
			isa = XCBuildConfiguration;
			buildSettings = {
				ASSETCATALOG_COMPILER_APPICON_NAME = AppIcon;
				ASSETCATALOG_COMPILER_GLOBAL_ACCENT_COLOR_NAME = AccentColor;
				CODE_SIGN_ENTITLEMENTS = liveActivities/liveActivities.entitlements;
				CODE_SIGN_STYLE = Automatic;
				COMBINE_HIDPI_IMAGES = YES;
				CURRENT_PROJECT_VERSION = 1;
				DEVELOPMENT_ASSET_PATHS = "\"liveActivities/Preview Content\"";
				DEVELOPMENT_TEAM = XJA7283JV3;
				ENABLE_HARDENED_RUNTIME = YES;
				ENABLE_PREVIEWS = YES;
				GENERATE_INFOPLIST_FILE = YES;
				INFOPLIST_KEY_NSHumanReadableCopyright = "";
				LD_RUNPATH_SEARCH_PATHS = (
					"$(inherited)",
					"@executable_path/../Frameworks",
				);
				MARKETING_VERSION = 1.0;
				PRODUCT_BUNDLE_IDENTIFIER = com.yujin.liveActivities;
				PRODUCT_NAME = "$(TARGET_NAME)";
				SWIFT_EMIT_LOC_STRINGS = YES;
				SWIFT_VERSION = 5.0;
			};
			name = Release;
		};
/* End XCBuildConfiguration section */

/* Begin XCConfigurationList section */
		6A44CF8E295A735E0065364B /* Build configuration list for PBXProject "liveActivities" */ = {
			isa = XCConfigurationList;
			buildConfigurations = (
				6A44CFA5295A735F0065364B /* Debug */,
				6A44CFA6295A735F0065364B /* Release */,
			);
			defaultConfigurationIsVisible = 0;
			defaultConfigurationName = Release;
		};
		6A44CFA7295A735F0065364B /* Build configuration list for PBXNativeTarget "liveActivities" */ = {
			isa = XCConfigurationList;
			buildConfigurations = (
				6A44CFA8295A735F0065364B /* Debug */,
				6A44CFA9295A735F0065364B /* Release */,
			);
			defaultConfigurationIsVisible = 0;
			defaultConfigurationName = Release;
		};
/* End XCConfigurationList section */

/* Begin XCVersionGroup section */
		6A44CFA1295A735F0065364B /* liveActivities.xcdatamodeld */ = {
			isa = XCVersionGroup;
			children = (
				6A44CFA2295A735F0065364B /* liveActivities.xcdatamodel */,
			);
			currentVersion = 6A44CFA2295A735F0065364B /* liveActivities.xcdatamodel */;
			path = liveActivities.xcdatamodeld;
			sourceTree = "<group>";
			versionGroupType = wrapper.xcdatamodel;
		};
/* End XCVersionGroup section */
	};
	rootObject = 6A44CF8B295A735E0065364B /* Project object */;
}
